// !$*UTF8*$!
{
	archiveVersion = 1;
	classes = {
	};
	objectVersion = 46;
	objects = {

/* Begin PBXBuildFile section */
		9C02F6511E79293A00932489 /* PlayerViewController.m in Sources */ = {isa = PBXBuildFile; fileRef = 9C02F64F1E79293A00932489 /* PlayerViewController.m */; };
		9C02F6521E79293A00932489 /* PlayerViewController.xib in Resources */ = {isa = PBXBuildFile; fileRef = 9C02F6501E79293A00932489 /* PlayerViewController.xib */; };
		9C329AA62005E11500252B10 /* SGAVPlayer.framework in Frameworks */ = {isa = PBXBuildFile; fileRef = 9C329AA72005E11500252B10 /* SGAVPlayer.framework */; };
		9C36DD461E79538500959FDA /* google-help-vr.mp4 in Resources */ = {isa = PBXBuildFile; fileRef = 9C36DD441E79538500959FDA /* google-help-vr.mp4 */; };
		9C36DD471E79538500959FDA /* i-see-fire.mp4 in Resources */ = {isa = PBXBuildFile; fileRef = 9C36DD451E79538500959FDA /* i-see-fire.mp4 */; };
		9C3DD16C1E8FBD420003B17A /* VideoToolbox.framework in Frameworks */ = {isa = PBXBuildFile; fileRef = 9C3DD16B1E8FBD420003B17A /* VideoToolbox.framework */; };
		9C3DD16E1E8FBD4A0003B17A /* AudioToolbox.framework in Frameworks */ = {isa = PBXBuildFile; fileRef = 9C3DD16D1E8FBD4A0003B17A /* AudioToolbox.framework */; };
		9C3DD1701E8FBD4F0003B17A /* CoreMedia.framework in Frameworks */ = {isa = PBXBuildFile; fileRef = 9C3DD16F1E8FBD4F0003B17A /* CoreMedia.framework */; };
		9C886B981E78EC9F00F2CFD1 /* main.m in Sources */ = {isa = PBXBuildFile; fileRef = 9C886B971E78EC9F00F2CFD1 /* main.m */; };
		9C886B9B1E78EC9F00F2CFD1 /* AppDelegate.m in Sources */ = {isa = PBXBuildFile; fileRef = 9C886B9A1E78EC9F00F2CFD1 /* AppDelegate.m */; };
		9C886B9E1E78EC9F00F2CFD1 /* ViewController.m in Sources */ = {isa = PBXBuildFile; fileRef = 9C886B9D1E78EC9F00F2CFD1 /* ViewController.m */; };
		9C886BA11E78EC9F00F2CFD1 /* Main.storyboard in Resources */ = {isa = PBXBuildFile; fileRef = 9C886B9F1E78EC9F00F2CFD1 /* Main.storyboard */; };
		9C886BA31E78EC9F00F2CFD1 /* Assets.xcassets in Resources */ = {isa = PBXBuildFile; fileRef = 9C886BA21E78EC9F00F2CFD1 /* Assets.xcassets */; };
		9C886BA61E78EC9F00F2CFD1 /* LaunchScreen.storyboard in Resources */ = {isa = PBXBuildFile; fileRef = 9C886BA41E78EC9F00F2CFD1 /* LaunchScreen.storyboard */; };
		9C886BBA1E78F13E00F2CFD1 /* libiconv.tbd in Frameworks */ = {isa = PBXBuildFile; fileRef = 9C886BB91E78F13E00F2CFD1 /* libiconv.tbd */; };
		9C886BBC1E78F14300F2CFD1 /* libz.tbd in Frameworks */ = {isa = PBXBuildFile; fileRef = 9C886BBB1E78F14300F2CFD1 /* libz.tbd */; };
		9C886BBE1E78F14700F2CFD1 /* libbz2.tbd in Frameworks */ = {isa = PBXBuildFile; fileRef = 9C886BBD1E78F14700F2CFD1 /* libbz2.tbd */; };
/* End PBXBuildFile section */

/* Begin PBXFileReference section */
		9C02F64E1E79293A00932489 /* PlayerViewController.h */ = {isa = PBXFileReference; fileEncoding = 4; lastKnownFileType = sourcecode.c.h; path = PlayerViewController.h; sourceTree = "<group>"; };
		9C02F64F1E79293A00932489 /* PlayerViewController.m */ = {isa = PBXFileReference; fileEncoding = 4; lastKnownFileType = sourcecode.c.objc; path = PlayerViewController.m; sourceTree = "<group>"; };
		9C02F6501E79293A00932489 /* PlayerViewController.xib */ = {isa = PBXFileReference; fileEncoding = 4; lastKnownFileType = file.xib; path = PlayerViewController.xib; sourceTree = "<group>"; };
		9C2167151E7F81B800272348 /* SGPlatform.framework */ = {isa = PBXFileReference; lastKnownFileType = wrapper.framework; name = SGPlatform.framework; path = "../../../../../../Library/Developer/Xcode/DerivedData/demo-eihmyibiajxgvzgpltouukszknss/Build/Products/Debug-iphoneos/SGPlatform.framework"; sourceTree = "<group>"; };
		9C329AA52005DF4A00252B10 /* SGAVPlayer.framework */ = {isa = PBXFileReference; explicitFileType = wrapper.framework; path = SGAVPlayer.framework; sourceTree = BUILT_PRODUCTS_DIR; };
		9C329AA72005E11500252B10 /* SGAVPlayer.framework */ = {isa = PBXFileReference; explicitFileType = wrapper.framework; path = SGAVPlayer.framework; sourceTree = BUILT_PRODUCTS_DIR; };
		9C36DD441E79538500959FDA /* google-help-vr.mp4 */ = {isa = PBXFileReference; lastKnownFileType = file; name = "google-help-vr.mp4"; path = "../../demo-assset/google-help-vr.mp4"; sourceTree = "<group>"; };
		9C36DD451E79538500959FDA /* i-see-fire.mp4 */ = {isa = PBXFileReference; lastKnownFileType = file; name = "i-see-fire.mp4"; path = "../../demo-assset/i-see-fire.mp4"; sourceTree = "<group>"; };
		9C3DD16B1E8FBD420003B17A /* VideoToolbox.framework */ = {isa = PBXFileReference; lastKnownFileType = wrapper.framework; name = VideoToolbox.framework; path = System/Library/Frameworks/VideoToolbox.framework; sourceTree = SDKROOT; };
		9C3DD16D1E8FBD4A0003B17A /* AudioToolbox.framework */ = {isa = PBXFileReference; lastKnownFileType = wrapper.framework; name = AudioToolbox.framework; path = System/Library/Frameworks/AudioToolbox.framework; sourceTree = SDKROOT; };
		9C3DD16F1E8FBD4F0003B17A /* CoreMedia.framework */ = {isa = PBXFileReference; lastKnownFileType = wrapper.framework; name = CoreMedia.framework; path = System/Library/Frameworks/CoreMedia.framework; sourceTree = SDKROOT; };
		9C4032C41FAB1188005AEB36 /* SGPlayer.framework */ = {isa = PBXFileReference; explicitFileType = wrapper.framework; path = SGPlayer.framework; sourceTree = BUILT_PRODUCTS_DIR; };
		9C886B931E78EC9F00F2CFD1 /* SGPlayer.app */ = {isa = PBXFileReference; explicitFileType = wrapper.application; includeInIndex = 0; path = SGPlayer.app; sourceTree = BUILT_PRODUCTS_DIR; };
		9C886B971E78EC9F00F2CFD1 /* main.m */ = {isa = PBXFileReference; lastKnownFileType = sourcecode.c.objc; path = main.m; sourceTree = "<group>"; };
		9C886B991E78EC9F00F2CFD1 /* AppDelegate.h */ = {isa = PBXFileReference; lastKnownFileType = sourcecode.c.h; path = AppDelegate.h; sourceTree = "<group>"; };
		9C886B9A1E78EC9F00F2CFD1 /* AppDelegate.m */ = {isa = PBXFileReference; lastKnownFileType = sourcecode.c.objc; path = AppDelegate.m; sourceTree = "<group>"; };
		9C886B9C1E78EC9F00F2CFD1 /* ViewController.h */ = {isa = PBXFileReference; lastKnownFileType = sourcecode.c.h; path = ViewController.h; sourceTree = "<group>"; };
		9C886B9D1E78EC9F00F2CFD1 /* ViewController.m */ = {isa = PBXFileReference; lastKnownFileType = sourcecode.c.objc; path = ViewController.m; sourceTree = "<group>"; };
		9C886BA01E78EC9F00F2CFD1 /* Base */ = {isa = PBXFileReference; lastKnownFileType = file.storyboard; name = Base; path = Base.lproj/Main.storyboard; sourceTree = "<group>"; };
		9C886BA21E78EC9F00F2CFD1 /* Assets.xcassets */ = {isa = PBXFileReference; lastKnownFileType = folder.assetcatalog; path = Assets.xcassets; sourceTree = "<group>"; };
		9C886BA51E78EC9F00F2CFD1 /* Base */ = {isa = PBXFileReference; lastKnownFileType = file.storyboard; name = Base; path = Base.lproj/LaunchScreen.storyboard; sourceTree = "<group>"; };
		9C886BA71E78EC9F00F2CFD1 /* Info.plist */ = {isa = PBXFileReference; lastKnownFileType = text.plist.xml; path = Info.plist; sourceTree = "<group>"; };
		9C886BAF1E78ECE500F2CFD1 /* SGPlayer.framework */ = {isa = PBXFileReference; lastKnownFileType = wrapper.framework; name = SGPlayer.framework; path = "../../build/Debug-iphoneos/SGPlayer.framework"; sourceTree = "<group>"; };
		9C886BB11E78ED0100F2CFD1 /* SGPlayer.framework */ = {isa = PBXFileReference; lastKnownFileType = wrapper.framework; name = SGPlayer.framework; path = "../../../../../../Library/Developer/Xcode/DerivedData/demo-eihmyibiajxgvzgpltouukszknss/Build/Products/Debug-iphoneos/SGPlayer.framework"; sourceTree = "<group>"; };
		9C886BB91E78F13E00F2CFD1 /* libiconv.tbd */ = {isa = PBXFileReference; lastKnownFileType = "sourcecode.text-based-dylib-definition"; name = libiconv.tbd; path = usr/lib/libiconv.tbd; sourceTree = SDKROOT; };
		9C886BBB1E78F14300F2CFD1 /* libz.tbd */ = {isa = PBXFileReference; lastKnownFileType = "sourcecode.text-based-dylib-definition"; name = libz.tbd; path = usr/lib/libz.tbd; sourceTree = SDKROOT; };
		9C886BBD1E78F14700F2CFD1 /* libbz2.tbd */ = {isa = PBXFileReference; lastKnownFileType = "sourcecode.text-based-dylib-definition"; name = libbz2.tbd; path = usr/lib/libbz2.tbd; sourceTree = SDKROOT; };
		9C9824A41FAB073B00142215 /* SGPlayer.framework */ = {isa = PBXFileReference; explicitFileType = wrapper.framework; path = SGPlayer.framework; sourceTree = BUILT_PRODUCTS_DIR; };
		9C9824AE1FAB10B100142215 /* SGPlayer.framework */ = {isa = PBXFileReference; explicitFileType = wrapper.framework; path = SGPlayer.framework; sourceTree = BUILT_PRODUCTS_DIR; };
		9CA86E851E87575000E4A8B1 /* SGPlatform.framework */ = {isa = PBXFileReference; lastKnownFileType = wrapper.framework; name = SGPlatform.framework; path = "../../../../../../Library/Developer/Xcode/DerivedData/demo-cxkylxbwkfilbmgwetaiuwiojpbb/Build/Products/Debug-iphonesimulator/SGPlatform.framework"; sourceTree = "<group>"; };
		9CA86E891E8757B500E4A8B1 /* SGPlatform.framework */ = {isa = PBXFileReference; lastKnownFileType = wrapper.framework; name = SGPlatform.framework; path = "../../Vendors/SGPlatform/build/Debug-iphoneos/SGPlatform.framework"; sourceTree = "<group>"; };
/* End PBXFileReference section */

/* Begin PBXFrameworksBuildPhase section */
		9C886B901E78EC9F00F2CFD1 /* Frameworks */ = {
			isa = PBXFrameworksBuildPhase;
			buildActionMask = 2147483647;
			files = (
				9C329AA62005E11500252B10 /* SGAVPlayer.framework in Frameworks */,
				9C3DD1701E8FBD4F0003B17A /* CoreMedia.framework in Frameworks */,
				9C3DD16E1E8FBD4A0003B17A /* AudioToolbox.framework in Frameworks */,
				9C3DD16C1E8FBD420003B17A /* VideoToolbox.framework in Frameworks */,
				9C886BBE1E78F14700F2CFD1 /* libbz2.tbd in Frameworks */,
				9C886BBC1E78F14300F2CFD1 /* libz.tbd in Frameworks */,
				9C886BBA1E78F13E00F2CFD1 /* libiconv.tbd in Frameworks */,
			);
			runOnlyForDeploymentPostprocessing = 0;
		};
/* End PBXFrameworksBuildPhase section */

/* Begin PBXGroup section */
		9C886B8A1E78EC9F00F2CFD1 = {
			isa = PBXGroup;
			children = (
				9C886B951E78EC9F00F2CFD1 /* demo-ios */,
				9C886B941E78EC9F00F2CFD1 /* Products */,
				9C886BAE1E78ECE500F2CFD1 /* Frameworks */,
			);
			sourceTree = "<group>";
		};
		9C886B941E78EC9F00F2CFD1 /* Products */ = {
			isa = PBXGroup;
			children = (
				9C886B931E78EC9F00F2CFD1 /* SGPlayer.app */,
			);
			name = Products;
			sourceTree = "<group>";
		};
		9C886B951E78EC9F00F2CFD1 /* demo-ios */ = {
			isa = PBXGroup;
			children = (
				9C886B991E78EC9F00F2CFD1 /* AppDelegate.h */,
				9C886B9A1E78EC9F00F2CFD1 /* AppDelegate.m */,
				9C886B9C1E78EC9F00F2CFD1 /* ViewController.h */,
				9C886B9D1E78EC9F00F2CFD1 /* ViewController.m */,
				9C02F64E1E79293A00932489 /* PlayerViewController.h */,
				9C02F64F1E79293A00932489 /* PlayerViewController.m */,
				9C02F6501E79293A00932489 /* PlayerViewController.xib */,
				9C886B9F1E78EC9F00F2CFD1 /* Main.storyboard */,
				9C886BA21E78EC9F00F2CFD1 /* Assets.xcassets */,
				9C886BA41E78EC9F00F2CFD1 /* LaunchScreen.storyboard */,
				9C886BA71E78EC9F00F2CFD1 /* Info.plist */,
				9C886B961E78EC9F00F2CFD1 /* Supporting Files */,
			);
			path = "demo-ios";
			sourceTree = "<group>";
		};
		9C886B961E78EC9F00F2CFD1 /* Supporting Files */ = {
			isa = PBXGroup;
			children = (
				9C36DD441E79538500959FDA /* google-help-vr.mp4 */,
				9C36DD451E79538500959FDA /* i-see-fire.mp4 */,
				9C886B971E78EC9F00F2CFD1 /* main.m */,
			);
			name = "Supporting Files";
			sourceTree = "<group>";
		};
		9C886BAE1E78ECE500F2CFD1 /* Frameworks */ = {
			isa = PBXGroup;
			children = (
				9C329AA72005E11500252B10 /* SGAVPlayer.framework */,
				9C329AA52005DF4A00252B10 /* SGAVPlayer.framework */,
				9C4032C41FAB1188005AEB36 /* SGPlayer.framework */,
				9C9824AE1FAB10B100142215 /* SGPlayer.framework */,
				9C9824A41FAB073B00142215 /* SGPlayer.framework */,
				9C3DD16F1E8FBD4F0003B17A /* CoreMedia.framework */,
				9C3DD16D1E8FBD4A0003B17A /* AudioToolbox.framework */,
				9C3DD16B1E8FBD420003B17A /* VideoToolbox.framework */,
				9CA86E891E8757B500E4A8B1 /* SGPlatform.framework */,
				9CA86E851E87575000E4A8B1 /* SGPlatform.framework */,
				9C2167151E7F81B800272348 /* SGPlatform.framework */,
				9C886BBD1E78F14700F2CFD1 /* libbz2.tbd */,
				9C886BBB1E78F14300F2CFD1 /* libz.tbd */,
				9C886BB91E78F13E00F2CFD1 /* libiconv.tbd */,
				9C886BB11E78ED0100F2CFD1 /* SGPlayer.framework */,
				9C886BAF1E78ECE500F2CFD1 /* SGPlayer.framework */,
			);
			name = Frameworks;
			sourceTree = "<group>";
		};
/* End PBXGroup section */

/* Begin PBXNativeTarget section */
		9C886B921E78EC9F00F2CFD1 /* demo-ios */ = {
			isa = PBXNativeTarget;
			buildConfigurationList = 9C886BAA1E78EC9F00F2CFD1 /* Build configuration list for PBXNativeTarget "demo-ios" */;
			buildPhases = (
				9C886B8F1E78EC9F00F2CFD1 /* Sources */,
				9C886B901E78EC9F00F2CFD1 /* Frameworks */,
				9C886B911E78EC9F00F2CFD1 /* Resources */,
			);
			buildRules = (
			);
			dependencies = (
			);
			name = "demo-ios";
			productName = "demo-ios";
			productReference = 9C886B931E78EC9F00F2CFD1 /* SGPlayer.app */;
			productType = "com.apple.product-type.application";
		};
/* End PBXNativeTarget section */

/* Begin PBXProject section */
		9C886B8B1E78EC9F00F2CFD1 /* Project object */ = {
			isa = PBXProject;
			attributes = {
				LastUpgradeCheck = 0900;
				ORGANIZATIONNAME = single;
				TargetAttributes = {
					9C886B921E78EC9F00F2CFD1 = {
						CreatedOnToolsVersion = 8.2.1;
						DevelopmentTeam = 79WDBYQ4TC;
						ProvisioningStyle = Automatic;
						SystemCapabilities = {
							com.apple.BackgroundModes = {
								enabled = 1;
							};
						};
					};
				};
			};
			buildConfigurationList = 9C886B8E1E78EC9F00F2CFD1 /* Build configuration list for PBXProject "demo-ios" */;
			compatibilityVersion = "Xcode 3.2";
			developmentRegion = English;
			hasScannedForEncodings = 0;
			knownRegions = (
				en,
				Base,
			);
			mainGroup = 9C886B8A1E78EC9F00F2CFD1;
			productRefGroup = 9C886B941E78EC9F00F2CFD1 /* Products */;
			projectDirPath = "";
			projectRoot = "";
			targets = (
				9C886B921E78EC9F00F2CFD1 /* demo-ios */,
			);
		};
/* End PBXProject section */

/* Begin PBXResourcesBuildPhase section */
		9C886B911E78EC9F00F2CFD1 /* Resources */ = {
			isa = PBXResourcesBuildPhase;
			buildActionMask = 2147483647;
			files = (
				9C886BA61E78EC9F00F2CFD1 /* LaunchScreen.storyboard in Resources */,
				9C886BA31E78EC9F00F2CFD1 /* Assets.xcassets in Resources */,
				9C36DD461E79538500959FDA /* google-help-vr.mp4 in Resources */,
				9C886BA11E78EC9F00F2CFD1 /* Main.storyboard in Resources */,
				9C02F6521E79293A00932489 /* PlayerViewController.xib in Resources */,
				9C36DD471E79538500959FDA /* i-see-fire.mp4 in Resources */,
			);
			runOnlyForDeploymentPostprocessing = 0;
		};
/* End PBXResourcesBuildPhase section */

/* Begin PBXSourcesBuildPhase section */
		9C886B8F1E78EC9F00F2CFD1 /* Sources */ = {
			isa = PBXSourcesBuildPhase;
			buildActionMask = 2147483647;
			files = (
				9C886B9E1E78EC9F00F2CFD1 /* ViewController.m in Sources */,
				9C02F6511E79293A00932489 /* PlayerViewController.m in Sources */,
				9C886B9B1E78EC9F00F2CFD1 /* AppDelegate.m in Sources */,
				9C886B981E78EC9F00F2CFD1 /* main.m in Sources */,
			);
			runOnlyForDeploymentPostprocessing = 0;
		};
/* End PBXSourcesBuildPhase section */

/* Begin PBXVariantGroup section */
		9C886B9F1E78EC9F00F2CFD1 /* Main.storyboard */ = {
			isa = PBXVariantGroup;
			children = (
				9C886BA01E78EC9F00F2CFD1 /* Base */,
			);
			name = Main.storyboard;
			sourceTree = "<group>";
		};
		9C886BA41E78EC9F00F2CFD1 /* LaunchScreen.storyboard */ = {
			isa = PBXVariantGroup;
			children = (
				9C886BA51E78EC9F00F2CFD1 /* Base */,
			);
			name = LaunchScreen.storyboard;
			sourceTree = "<group>";
		};
/* End PBXVariantGroup section */

/* Begin XCBuildConfiguration section */
		9C886BA81E78EC9F00F2CFD1 /* Debug */ = {
			isa = XCBuildConfiguration;
			buildSettings = {
				ALWAYS_SEARCH_USER_PATHS = NO;
				CLANG_ANALYZER_NONNULL = YES;
				CLANG_CXX_LANGUAGE_STANDARD = "gnu++0x";
				CLANG_CXX_LIBRARY = "libc++";
				CLANG_ENABLE_MODULES = YES;
				CLANG_ENABLE_OBJC_ARC = YES;
				CLANG_WARN_BLOCK_CAPTURE_AUTORELEASING = YES;
				CLANG_WARN_BOOL_CONVERSION = YES;
				CLANG_WARN_COMMA = YES;
				CLANG_WARN_CONSTANT_CONVERSION = YES;
				CLANG_WARN_DIRECT_OBJC_ISA_USAGE = YES_ERROR;
				CLANG_WARN_DOCUMENTATION_COMMENTS = YES;
				CLANG_WARN_EMPTY_BODY = YES;
				CLANG_WARN_ENUM_CONVERSION = YES;
				CLANG_WARN_INFINITE_RECURSION = YES;
				CLANG_WARN_INT_CONVERSION = YES;
				CLANG_WARN_NON_LITERAL_NULL_CONVERSION = YES;
				CLANG_WARN_OBJC_LITERAL_CONVERSION = YES;
				CLANG_WARN_OBJC_ROOT_CLASS = YES_ERROR;
				CLANG_WARN_RANGE_LOOP_ANALYSIS = YES;
				CLANG_WARN_STRICT_PROTOTYPES = YES;
				CLANG_WARN_SUSPICIOUS_MOVE = YES;
				CLANG_WARN_UNREACHABLE_CODE = YES;
				CLANG_WARN__DUPLICATE_METHOD_MATCH = YES;
				"CODE_SIGN_IDENTITY[sdk=iphoneos*]" = "iPhone Developer";
				COPY_PHASE_STRIP = NO;
				DEBUG_INFORMATION_FORMAT = dwarf;
				ENABLE_STRICT_OBJC_MSGSEND = YES;
				ENABLE_TESTABILITY = YES;
				GCC_C_LANGUAGE_STANDARD = gnu99;
				GCC_DYNAMIC_NO_PIC = NO;
				GCC_NO_COMMON_BLOCKS = YES;
				GCC_OPTIMIZATION_LEVEL = 0;
				GCC_PREPROCESSOR_DEFINITIONS = (
					"DEBUG=1",
					"$(inherited)",
				);
				GCC_WARN_64_TO_32_BIT_CONVERSION = YES;
				GCC_WARN_ABOUT_RETURN_TYPE = YES_ERROR;
				GCC_WARN_UNDECLARED_SELECTOR = YES;
				GCC_WARN_UNINITIALIZED_AUTOS = YES_AGGRESSIVE;
				GCC_WARN_UNUSED_FUNCTION = YES;
				GCC_WARN_UNUSED_VARIABLE = YES;
				IPHONEOS_DEPLOYMENT_TARGET = 10.2;
				MTL_ENABLE_DEBUG_INFO = YES;
				ONLY_ACTIVE_ARCH = YES;
				SDKROOT = iphoneos;
			};
			name = Debug;
		};
		9C886BA91E78EC9F00F2CFD1 /* Release */ = {
			isa = XCBuildConfiguration;
			buildSettings = {
				ALWAYS_SEARCH_USER_PATHS = NO;
				CLANG_ANALYZER_NONNULL = YES;
				CLANG_CXX_LANGUAGE_STANDARD = "gnu++0x";
				CLANG_CXX_LIBRARY = "libc++";
				CLANG_ENABLE_MODULES = YES;
				CLANG_ENABLE_OBJC_ARC = YES;
				CLANG_WARN_BLOCK_CAPTURE_AUTORELEASING = YES;
				CLANG_WARN_BOOL_CONVERSION = YES;
				CLANG_WARN_COMMA = YES;
				CLANG_WARN_CONSTANT_CONVERSION = YES;
				CLANG_WARN_DIRECT_OBJC_ISA_USAGE = YES_ERROR;
				CLANG_WARN_DOCUMENTATION_COMMENTS = YES;
				CLANG_WARN_EMPTY_BODY = YES;
				CLANG_WARN_ENUM_CONVERSION = YES;
				CLANG_WARN_INFINITE_RECURSION = YES;
				CLANG_WARN_INT_CONVERSION = YES;
				CLANG_WARN_NON_LITERAL_NULL_CONVERSION = YES;
				CLANG_WARN_OBJC_LITERAL_CONVERSION = YES;
				CLANG_WARN_OBJC_ROOT_CLASS = YES_ERROR;
				CLANG_WARN_RANGE_LOOP_ANALYSIS = YES;
				CLANG_WARN_STRICT_PROTOTYPES = YES;
				CLANG_WARN_SUSPICIOUS_MOVE = YES;
				CLANG_WARN_UNREACHABLE_CODE = YES;
				CLANG_WARN__DUPLICATE_METHOD_MATCH = YES;
				"CODE_SIGN_IDENTITY[sdk=iphoneos*]" = "iPhone Developer";
				COPY_PHASE_STRIP = NO;
				DEBUG_INFORMATION_FORMAT = "dwarf-with-dsym";
				ENABLE_NS_ASSERTIONS = NO;
				ENABLE_STRICT_OBJC_MSGSEND = YES;
				GCC_C_LANGUAGE_STANDARD = gnu99;
				GCC_NO_COMMON_BLOCKS = YES;
				GCC_WARN_64_TO_32_BIT_CONVERSION = YES;
				GCC_WARN_ABOUT_RETURN_TYPE = YES_ERROR;
				GCC_WARN_UNDECLARED_SELECTOR = YES;
				GCC_WARN_UNINITIALIZED_AUTOS = YES_AGGRESSIVE;
				GCC_WARN_UNUSED_FUNCTION = YES;
				GCC_WARN_UNUSED_VARIABLE = YES;
				IPHONEOS_DEPLOYMENT_TARGET = 10.2;
				MTL_ENABLE_DEBUG_INFO = NO;
				SDKROOT = iphoneos;
				VALIDATE_PRODUCT = YES;
			};
			name = Release;
		};
		9C886BAB1E78EC9F00F2CFD1 /* Debug */ = {
			isa = XCBuildConfiguration;
			buildSettings = {
				ASSETCATALOG_COMPILER_APPICON_NAME = AppIcon;
				DEVELOPMENT_TEAM = 79WDBYQ4TC;
				INFOPLIST_FILE = "demo-ios/Info.plist";
				IPHONEOS_DEPLOYMENT_TARGET = 8.0;
				LD_RUNPATH_SEARCH_PATHS = "$(inherited) @executable_path/Frameworks";
				OTHER_LDFLAGS = (
					"-all_load",
					"-Objc",
				);
				PRODUCT_BUNDLE_IDENTIFIER = "com.libobjc.SGPlayer-demo-ios";
				PRODUCT_NAME = SGPlayer;
			};
			name = Debug;
		};
		9C886BAC1E78EC9F00F2CFD1 /* Release */ = {
			isa = XCBuildConfiguration;
			buildSettings = {
				ASSETCATALOG_COMPILER_APPICON_NAME = AppIcon;
				DEVELOPMENT_TEAM = 79WDBYQ4TC;
				INFOPLIST_FILE = "demo-ios/Info.plist";
				IPHONEOS_DEPLOYMENT_TARGET = 8.0;
				LD_RUNPATH_SEARCH_PATHS = "$(inherited) @executable_path/Frameworks";
				OTHER_LDFLAGS = (
					"-all_load",
					"-Objc",
				);
				PRODUCT_BUNDLE_IDENTIFIER = "com.libobjc.SGPlayer-demo-ios";
				PRODUCT_NAME = SGPlayer;
			};
			name = Release;
		};
/* End XCBuildConfiguration section */

/* Begin XCConfigurationList section */
		9C886B8E1E78EC9F00F2CFD1 /* Build configuration list for PBXProject "demo-ios" */ = {
			isa = XCConfigurationList;
			buildConfigurations = (
				9C886BA81E78EC9F00F2CFD1 /* Debug */,
				9C886BA91E78EC9F00F2CFD1 /* Release */,
			);
			defaultConfigurationIsVisible = 0;
			defaultConfigurationName = Release;
		};
		9C886BAA1E78EC9F00F2CFD1 /* Build configuration list for PBXNativeTarget "demo-ios" */ = {
			isa = XCConfigurationList;
			buildConfigurations = (
				9C886BAB1E78EC9F00F2CFD1 /* Debug */,
				9C886BAC1E78EC9F00F2CFD1 /* Release */,
			);
			defaultConfigurationIsVisible = 0;
			defaultConfigurationName = Release;
		};
/* End XCConfigurationList section */
	};
	rootObject = 9C886B8B1E78EC9F00F2CFD1 /* Project object */;
}
